# This file was autogenerated by Stack.
# You should not edit this file by hand.
# For more information, please see the documentation at:
#   https://docs.haskellstack.org/en/stable/lock_files

packages: []
snapshots:
- completed:
    sha256: 9a803fe243e4e0df75d59fc8caa5be65f9c3502d26934406e724e778ca0f4114
    size: 598792
    url: https://raw.githubusercontent.com/commercialhaskell/stackage-snapshots/master/nightly/2023/3/8.yaml
  original: nightly-2023-03-08
